
Microsoft Visual Studio Solution File, Format Version 12.00
# Visual Studio 15
VisualStudioVersion = 15.0.27703.2047
MinimumVisualStudioVersion = 10.0.40219.1
Project("{FAE04EC0-301F-11D3-BF4B-00C04F79EFBC}") = "UTAU-UI", "UTAU-UI\UTAU-UI.csproj", "{0DBE957C-9543-4357-9A40-26A84BDF4986}"
EndProject
Global
	GlobalSection(SolutionConfigurationPlatforms) = preSolution
		Debug|x86 = Debug|x86
		Release|x86 = Release|x86
	EndGlobalSection
	GlobalSection(ProjectConfigurationPlatforms) = postSolution
		{0DBE957C-9543-4357-9A40-26A84BDF4986}.Debug|x86.ActiveCfg = Debug|x86
		{0DBE957C-9543-4357-9A40-26A84BDF4986}.Debug|x86.Build.0 = Debug|x86
		{0DBE957C-9543-4357-9A40-26A84BDF4986}.Release|x86.ActiveCfg = Release|x86
		{0DBE957C-9543-4357-9A40-26A84BDF4986}.Release|x86.Build.0 = Release|x86
	EndGlobalSection
	GlobalSection(SolutionProperties) = preSolution
		HideSolutionNode = FALSE
	EndGlobalSection
	GlobalSection(ExtensibilityGlobals) = postSolution
		SolutionGuid = {74591FD4-963F-408D-BC1E-F7FE024F9A83}
	EndGlobalSection
EndGlobal
